
Microsoft Visual Studio Solution File, Format Version 12.00
# Visual Studio Version 17
VisualStudioVersion = 17.4.33403.182
MinimumVisualStudioVersion = 10.0.40219.1
Project("{9A19103F-16F7-4668-BE54-9A1E7A4F7556}") = "BlazorEcommerce.Server", "BlazorEcommerce\Server\BlazorEcommerce.Server.csproj", "{69A9D1DB-6305-44EA-8300-A9B32FE26322}"
EndProject
Project("{9A19103F-16F7-4668-BE54-9A1E7A4F7556}") = "BlazorEcommerce.Client", "BlazorEcommerce\Client\BlazorEcommerce.Client.csproj", "{96A34FDA-2E63-4345-B442-33B35308101A}"
EndProject
Project("{9A19103F-16F7-4668-BE54-9A1E7A4F7556}") = "BlazorEcommerce.Shared", "BlazorEcommerce\Shared\BlazorEcommerce.Shared.csproj", "{4495F05D-D472-4B3B-AD39-251AD3FF9003}"
EndProject
Global
	GlobalSection(SolutionConfigurationPlatforms) = preSolution
		Debug|Any CPU = Debug|Any CPU
		Release|Any CPU = Release|Any CPU
	EndGlobalSection
	GlobalSection(ProjectConfigurationPlatforms) = postSolution
		{69A9D1DB-6305-44EA-8300-A9B32FE26322}.Debug|Any CPU.ActiveCfg = Debug|Any CPU
		{69A9D1DB-6305-44EA-8300-A9B32FE26322}.Debug|Any CPU.Build.0 = Debug|Any CPU
		{69A9D1DB-6305-44EA-8300-A9B32FE26322}.Release|Any CPU.ActiveCfg = Release|Any CPU
		{69A9D1DB-6305-44EA-8300-A9B32FE26322}.Release|Any CPU.Build.0 = Release|Any CPU
		{96A34FDA-2E63-4345-B442-33B35308101A}.Debug|Any CPU.ActiveCfg = Debug|Any CPU
		{96A34FDA-2E63-4345-B442-33B35308101A}.Debug|Any CPU.Build.0 = Debug|Any CPU
		{96A34FDA-2E63-4345-B442-33B35308101A}.Release|Any CPU.ActiveCfg = Release|Any CPU
		{96A34FDA-2E63-4345-B442-33B35308101A}.Release|Any CPU.Build.0 = Release|Any CPU
		{4495F05D-D472-4B3B-AD39-251AD3FF9003}.Debug|Any CPU.ActiveCfg = Debug|Any CPU
		{4495F05D-D472-4B3B-AD39-251AD3FF9003}.Debug|Any CPU.Build.0 = Debug|Any CPU
		{4495F05D-D472-4B3B-AD39-251AD3FF9003}.Release|Any CPU.ActiveCfg = Release|Any CPU
		{4495F05D-D472-4B3B-AD39-251AD3FF9003}.Release|Any CPU.Build.0 = Release|Any CPU
	EndGlobalSection
	GlobalSection(SolutionProperties) = preSolution
		HideSolutionNode = FALSE
	EndGlobalSection
	GlobalSection(ExtensibilityGlobals) = postSolution
		SolutionGuid = {8540F220-C424-436C-AC00-45095FC41263}
	EndGlobalSection
EndGlobal
